
Microsoft Visual Studio Solution File, Format Version 12.00
# Visual Studio 14
VisualStudioVersion = 14.0.24720.0
MinimumVisualStudioVersion = 10.0.40219.1
Project("{8BC9CEB8-8B4A-11D0-8D11-00A0C91BC942}") = "Ch01StaticFactoryMethod", "Ch01StaticFactoryMethod\Ch01StaticFactoryMethod.vcxproj", "{9A17B5BB-B2A5-4066-AF7B-D44C3295ADC3}"
EndProject
Project("{8BC9CEB8-8B4A-11D0-8D11-00A0C91BC942}") = "Ch02StrategyPattern", "Ch02StrategyPattern\Ch02StrategyPattern.vcxproj", "{F811905F-631C-4C05-AFCC-D6CAF67772A4}"
EndProject
Project("{8BC9CEB8-8B4A-11D0-8D11-00A0C91BC942}") = "Ch06DecoratorPattern", "Ch06DecoratorPattern\Ch06DecoratorPattern.vcxproj", "{E5CA41B8-7032-47EB-9017-9154D47F0CE0}"
EndProject
Project("{8BC9CEB8-8B4A-11D0-8D11-00A0C91BC942}") = "Ch07ProxyPattern", "Ch07ProxyPattern\Ch07ProxyPattern.vcxproj", "{20506379-12F2-4AA0-B5FE-99C06FA0E215}"
EndProject
Project("{8BC9CEB8-8B4A-11D0-8D11-00A0C91BC942}") = "Ch08FactoryPattern", "Ch08FactoryPattern\Ch08FactoryPattern.vcxproj", "{1B587D48-28CC-40BA-BA9A-F1DD8669A659}"
EndProject
Project("{8BC9CEB8-8B4A-11D0-8D11-00A0C91BC942}") = "Ch09PrototypePattern", "Ch09PrototypePattern\Ch09PrototypePattern.vcxproj", "{A6C69ABE-678F-46CD-BCAB-E22B7C582A7C}"
EndProject
Project("{8BC9CEB8-8B4A-11D0-8D11-00A0C91BC942}") = "Ch10TemplateMethodPattern", "Ch10TemplateMethodPattern\Ch10TemplateMethodPattern.vcxproj", "{3ED80120-837B-465B-9AEA-625964926063}"
EndProject
Project("{8BC9CEB8-8B4A-11D0-8D11-00A0C91BC942}") = "Ch12FacadePattern", "Ch12FacadePattern\Ch12FacadePattern.vcxproj", "{B2789AFD-2592-4DF2-9FB4-12A7EF1FA768}"
EndProject
Project("{8BC9CEB8-8B4A-11D0-8D11-00A0C91BC942}") = "Ch13BuilderPattern", "Ch13BuilderPattern\Ch13BuilderPattern.vcxproj", "{D942F0D1-6645-493E-80DA-2445FA9F7878}"
EndProject
Project("{8BC9CEB8-8B4A-11D0-8D11-00A0C91BC942}") = "Ch14ObserverPattern", "Ch14ObserverPattern\Ch14ObserverPattern.vcxproj", "{5E128A92-3BF4-4A90-B45D-1093E05F7CB4}"
EndProject
Project("{8BC9CEB8-8B4A-11D0-8D11-00A0C91BC942}") = "Ch15AbstractFactoryPattern", "Ch15AbstractFactoryPattern\Ch15AbstractFactoryPattern.vcxproj", "{E3C2D89F-55FB-4231-9B19-F9F4E38FDFF7}"
EndProject
Project("{8BC9CEB8-8B4A-11D0-8D11-00A0C91BC942}") = "Ch16StatePattern", "Ch16StatePattern\Ch16StatePattern.vcxproj", "{40D7AEBC-C19E-42E3-A5D7-14953BFDEA86}"
EndProject
Project("{8BC9CEB8-8B4A-11D0-8D11-00A0C91BC942}") = "Ch17AdapterPattern", "Ch17AdapterPattern\Ch17AdapterPattern.vcxproj", "{A06B8EB6-F500-4BE5-9618-C465A841485C}"
EndProject
Project("{8BC9CEB8-8B4A-11D0-8D11-00A0C91BC942}") = "Ch18MementoPattern", "Ch18MementoPattern\Ch18MementoPattern.vcxproj", "{86BA37A6-98D9-4DE2-A6FD-244E4215E07E}"
EndProject
Project("{8BC9CEB8-8B4A-11D0-8D11-00A0C91BC942}") = "Ch19CompositePattern", "Ch19CompositePattern\Ch19CompositePattern.vcxproj", "{DD7CBEA2-6E2A-47A3-939A-D513546AE169}"
EndProject
Project("{8BC9CEB8-8B4A-11D0-8D11-00A0C91BC942}") = "Ch20IteratorPattern", "Ch20IteratorPattern\Ch20IteratorPattern.vcxproj", "{55A84607-8DB5-4327-8939-2A51550B1D5B}"
EndProject
Project("{8BC9CEB8-8B4A-11D0-8D11-00A0C91BC942}") = "Ch21SingletonPattern", "Ch21SingletonPattern\Ch21SingletonPattern.vcxproj", "{A0FCF21A-1A0A-4A49-9E0B-6931342CEFA7}"
EndProject
Project("{8BC9CEB8-8B4A-11D0-8D11-00A0C91BC942}") = "Ch22BridgePattern", "Ch22BridgePattern\Ch22BridgePattern.vcxproj", "{DC7C7DDC-4F04-45B9-A073-9D921C6408A0}"
EndProject
Project("{8BC9CEB8-8B4A-11D0-8D11-00A0C91BC942}") = "Ch23CommandPattern", "Ch23CommandPattern\Ch23CommandPattern.vcxproj", "{007CFD5B-E5CB-4D20-BCD4-51C4B5280BC0}"
EndProject
Project("{8BC9CEB8-8B4A-11D0-8D11-00A0C91BC942}") = "Ch24ChainOfResponsibilityPattern", "Ch24ChainOfResponsibilityPattern\Ch24ChainOfResponsibilityPattern.vcxproj", "{2BC61A8A-D0C2-4551-B0F9-93DDB2AD54F1}"
EndProject
Project("{8BC9CEB8-8B4A-11D0-8D11-00A0C91BC942}") = "Ch25MediatorPattern", "Ch25MediatorPattern\Ch25MediatorPattern.vcxproj", "{661731E5-3A5B-4F63-9889-29FA01DB791A}"
EndProject
Project("{8BC9CEB8-8B4A-11D0-8D11-00A0C91BC942}") = "Ch26FlyWeightPattern", "Ch26FlyWeightPattern+\Ch26FlyWeightPattern+.vcxproj", "{38BE8F67-2B80-49A7-ADB4-56169263D1AD}"
EndProject
Project("{8BC9CEB8-8B4A-11D0-8D11-00A0C91BC942}") = "Ch27InterpreterPattern", "Ch27InterpreterPattern\Ch27InterpreterPattern.vcxproj", "{6F516499-F225-4190-AE5E-AA6595A9326E}"
EndProject
Project("{8BC9CEB8-8B4A-11D0-8D11-00A0C91BC942}") = "Ch28VisitorPattern", "Ch28VisitorPattern\Ch28VisitorPattern.vcxproj", "{E5F20962-631B-460E-B7AA-BDA0259488DE}"
EndProject
Global
	GlobalSection(SolutionConfigurationPlatforms) = preSolution
		Debug|x64 = Debug|x64
		Debug|x86 = Debug|x86
		Release|x64 = Release|x64
		Release|x86 = Release|x86
	EndGlobalSection
	GlobalSection(ProjectConfigurationPlatforms) = postSolution
		{9A17B5BB-B2A5-4066-AF7B-D44C3295ADC3}.Debug|x64.ActiveCfg = Debug|x64
		{9A17B5BB-B2A5-4066-AF7B-D44C3295ADC3}.Debug|x64.Build.0 = Debug|x64
		{9A17B5BB-B2A5-4066-AF7B-D44C3295ADC3}.Debug|x86.ActiveCfg = Debug|Win32
		{9A17B5BB-B2A5-4066-AF7B-D44C3295ADC3}.Debug|x86.Build.0 = Debug|Win32
		{9A17B5BB-B2A5-4066-AF7B-D44C3295ADC3}.Release|x64.ActiveCfg = Release|x64
		{9A17B5BB-B2A5-4066-AF7B-D44C3295ADC3}.Release|x64.Build.0 = Release|x64
		{9A17B5BB-B2A5-4066-AF7B-D44C3295ADC3}.Release|x86.ActiveCfg = Release|Win32
		{9A17B5BB-B2A5-4066-AF7B-D44C3295ADC3}.Release|x86.Build.0 = Release|Win32
		{F811905F-631C-4C05-AFCC-D6CAF67772A4}.Debug|x64.ActiveCfg = Debug|x64
		{F811905F-631C-4C05-AFCC-D6CAF67772A4}.Debug|x64.Build.0 = Debug|x64
		{F811905F-631C-4C05-AFCC-D6CAF67772A4}.Debug|x86.ActiveCfg = Debug|Win32
		{F811905F-631C-4C05-AFCC-D6CAF67772A4}.Debug|x86.Build.0 = Debug|Win32
		{F811905F-631C-4C05-AFCC-D6CAF67772A4}.Release|x64.ActiveCfg = Release|x64
		{F811905F-631C-4C05-AFCC-D6CAF67772A4}.Release|x64.Build.0 = Release|x64
		{F811905F-631C-4C05-AFCC-D6CAF67772A4}.Release|x86.ActiveCfg = Release|Win32
		{F811905F-631C-4C05-AFCC-D6CAF67772A4}.Release|x86.Build.0 = Release|Win32
		{E5CA41B8-7032-47EB-9017-9154D47F0CE0}.Debug|x64.ActiveCfg = Debug|x64
		{E5CA41B8-7032-47EB-9017-9154D47F0CE0}.Debug|x64.Build.0 = Debug|x64
		{E5CA41B8-7032-47EB-9017-9154D47F0CE0}.Debug|x86.ActiveCfg = Debug|Win32
		{E5CA41B8-7032-47EB-9017-9154D47F0CE0}.Debug|x86.Build.0 = Debug|Win32
		{E5CA41B8-7032-47EB-9017-9154D47F0CE0}.Release|x64.ActiveCfg = Release|x64
		{E5CA41B8-7032-47EB-9017-9154D47F0CE0}.Release|x64.Build.0 = Release|x64
		{E5CA41B8-7032-47EB-9017-9154D47F0CE0}.Release|x86.ActiveCfg = Release|Win32
		{E5CA41B8-7032-47EB-9017-9154D47F0CE0}.Release|x86.Build.0 = Release|Win32
		{20506379-12F2-4AA0-B5FE-99C06FA0E215}.Debug|x64.ActiveCfg = Debug|x64
		{20506379-12F2-4AA0-B5FE-99C06FA0E215}.Debug|x64.Build.0 = Debug|x64
		{20506379-12F2-4AA0-B5FE-99C06FA0E215}.Debug|x86.ActiveCfg = Debug|Win32
		{20506379-12F2-4AA0-B5FE-99C06FA0E215}.Debug|x86.Build.0 = Debug|Win32
		{20506379-12F2-4AA0-B5FE-99C06FA0E215}.Release|x64.ActiveCfg = Release|x64
		{20506379-12F2-4AA0-B5FE-99C06FA0E215}.Release|x64.Build.0 = Release|x64
		{20506379-12F2-4AA0-B5FE-99C06FA0E215}.Release|x86.ActiveCfg = Release|Win32
		{20506379-12F2-4AA0-B5FE-99C06FA0E215}.Release|x86.Build.0 = Release|Win32
		{1B587D48-28CC-40BA-BA9A-F1DD8669A659}.Debug|x64.ActiveCfg = Debug|x64
		{1B587D48-28CC-40BA-BA9A-F1DD8669A659}.Debug|x64.Build.0 = Debug|x64
		{1B587D48-28CC-40BA-BA9A-F1DD8669A659}.Debug|x86.ActiveCfg = Debug|Win32
		{1B587D48-28CC-40BA-BA9A-F1DD8669A659}.Debug|x86.Build.0 = Debug|Win32
		{1B587D48-28CC-40BA-BA9A-F1DD8669A659}.Release|x64.ActiveCfg = Release|x64
		{1B587D48-28CC-40BA-BA9A-F1DD8669A659}.Release|x64.Build.0 = Release|x64
		{1B587D48-28CC-40BA-BA9A-F1DD8669A659}.Release|x86.ActiveCfg = Release|Win32
		{1B587D48-28CC-40BA-BA9A-F1DD8669A659}.Release|x86.Build.0 = Release|Win32
		{A6C69ABE-678F-46CD-BCAB-E22B7C582A7C}.Debug|x64.ActiveCfg = Debug|x64
		{A6C69ABE-678F-46CD-BCAB-E22B7C582A7C}.Debug|x64.Build.0 = Debug|x64
		{A6C69ABE-678F-46CD-BCAB-E22B7C582A7C}.Debug|x86.ActiveCfg = Debug|Win32
		{A6C69ABE-678F-46CD-BCAB-E22B7C582A7C}.Debug|x86.Build.0 = Debug|Win32
		{A6C69ABE-678F-46CD-BCAB-E22B7C582A7C}.Release|x64.ActiveCfg = Release|x64
		{A6C69ABE-678F-46CD-BCAB-E22B7C582A7C}.Release|x64.Build.0 = Release|x64
		{A6C69ABE-678F-46CD-BCAB-E22B7C582A7C}.Release|x86.ActiveCfg = Release|Win32
		{A6C69ABE-678F-46CD-BCAB-E22B7C582A7C}.Release|x86.Build.0 = Release|Win32
		{3ED80120-837B-465B-9AEA-625964926063}.Debug|x64.ActiveCfg = Debug|x64
		{3ED80120-837B-465B-9AEA-625964926063}.Debug|x64.Build.0 = Debug|x64
		{3ED80120-837B-465B-9AEA-625964926063}.Debug|x86.ActiveCfg = Debug|Win32
		{3ED80120-837B-465B-9AEA-625964926063}.Debug|x86.Build.0 = Debug|Win32
		{3ED80120-837B-465B-9AEA-625964926063}.Release|x64.ActiveCfg = Release|x64
		{3ED80120-837B-465B-9AEA-625964926063}.Release|x64.Build.0 = Release|x64
		{3ED80120-837B-465B-9AEA-625964926063}.Release|x86.ActiveCfg = Release|Win32
		{3ED80120-837B-465B-9AEA-625964926063}.Release|x86.Build.0 = Release|Win32
		{B2789AFD-2592-4DF2-9FB4-12A7EF1FA768}.Debug|x64.ActiveCfg = Debug|x64
		{B2789AFD-2592-4DF2-9FB4-12A7EF1FA768}.Debug|x64.Build.0 = Debug|x64
		{B2789AFD-2592-4DF2-9FB4-12A7EF1FA768}.Debug|x86.ActiveCfg = Debug|Win32
		{B2789AFD-2592-4DF2-9FB4-12A7EF1FA768}.Debug|x86.Build.0 = Debug|Win32
		{B2789AFD-2592-4DF2-9FB4-12A7EF1FA768}.Release|x64.ActiveCfg = Release|x64
		{B2789AFD-2592-4DF2-9FB4-12A7EF1FA768}.Release|x64.Build.0 = Release|x64
		{B2789AFD-2592-4DF2-9FB4-12A7EF1FA768}.Release|x86.ActiveCfg = Release|Win32
		{B2789AFD-2592-4DF2-9FB4-12A7EF1FA768}.Release|x86.Build.0 = Release|Win32
		{D942F0D1-6645-493E-80DA-2445FA9F7878}.Debug|x64.ActiveCfg = Debug|x64
		{D942F0D1-6645-493E-80DA-2445FA9F7878}.Debug|x64.Build.0 = Debug|x64
		{D942F0D1-6645-493E-80DA-2445FA9F7878}.Debug|x86.ActiveCfg = Debug|Win32
		{D942F0D1-6645-493E-80DA-2445FA9F7878}.Debug|x86.Build.0 = Debug|Win32
		{D942F0D1-6645-493E-80DA-2445FA9F7878}.Release|x64.ActiveCfg = Release|x64
		{D942F0D1-6645-493E-80DA-2445FA9F7878}.Release|x64.Build.0 = Release|x64
		{D942F0D1-6645-493E-80DA-2445FA9F7878}.Release|x86.ActiveCfg = Release|Win32
		{D942F0D1-6645-493E-80DA-2445FA9F7878}.Release|x86.Build.0 = Release|Win32
		{5E128A92-3BF4-4A90-B45D-1093E05F7CB4}.Debug|x64.ActiveCfg = Debug|x64
		{5E128A92-3BF4-4A90-B45D-1093E05F7CB4}.Debug|x64.Build.0 = Debug|x64
		{5E128A92-3BF4-4A90-B45D-1093E05F7CB4}.Debug|x86.ActiveCfg = Debug|Win32
		{5E128A92-3BF4-4A90-B45D-1093E05F7CB4}.Debug|x86.Build.0 = Debug|Win32
		{5E128A92-3BF4-4A90-B45D-1093E05F7CB4}.Release|x64.ActiveCfg = Release|x64
		{5E128A92-3BF4-4A90-B45D-1093E05F7CB4}.Release|x64.Build.0 = Release|x64
		{5E128A92-3BF4-4A90-B45D-1093E05F7CB4}.Release|x86.ActiveCfg = Release|Win32
		{5E128A92-3BF4-4A90-B45D-1093E05F7CB4}.Release|x86.Build.0 = Release|Win32
		{E3C2D89F-55FB-4231-9B19-F9F4E38FDFF7}.Debug|x64.ActiveCfg = Debug|x64
		{E3C2D89F-55FB-4231-9B19-F9F4E38FDFF7}.Debug|x64.Build.0 = Debug|x64
		{E3C2D89F-55FB-4231-9B19-F9F4E38FDFF7}.Debug|x86.ActiveCfg = Debug|Win32
		{E3C2D89F-55FB-4231-9B19-F9F4E38FDFF7}.Debug|x86.Build.0 = Debug|Win32
		{E3C2D89F-55FB-4231-9B19-F9F4E38FDFF7}.Release|x64.ActiveCfg = Release|x64
		{E3C2D89F-55FB-4231-9B19-F9F4E38FDFF7}.Release|x64.Build.0 = Release|x64
		{E3C2D89F-55FB-4231-9B19-F9F4E38FDFF7}.Release|x86.ActiveCfg = Release|Win32
		{E3C2D89F-55FB-4231-9B19-F9F4E38FDFF7}.Release|x86.Build.0 = Release|Win32
		{40D7AEBC-C19E-42E3-A5D7-14953BFDEA86}.Debug|x64.ActiveCfg = Debug|x64
		{40D7AEBC-C19E-42E3-A5D7-14953BFDEA86}.Debug|x64.Build.0 = Debug|x64
		{40D7AEBC-C19E-42E3-A5D7-14953BFDEA86}.Debug|x86.ActiveCfg = Debug|Win32
		{40D7AEBC-C19E-42E3-A5D7-14953BFDEA86}.Debug|x86.Build.0 = Debug|Win32
		{40D7AEBC-C19E-42E3-A5D7-14953BFDEA86}.Release|x64.ActiveCfg = Release|x64
		{40D7AEBC-C19E-42E3-A5D7-14953BFDEA86}.Release|x64.Build.0 = Release|x64
		{40D7AEBC-C19E-42E3-A5D7-14953BFDEA86}.Release|x86.ActiveCfg = Release|Win32
		{40D7AEBC-C19E-42E3-A5D7-14953BFDEA86}.Release|x86.Build.0 = Release|Win32
		{A06B8EB6-F500-4BE5-9618-C465A841485C}.Debug|x64.ActiveCfg = Debug|x64
		{A06B8EB6-F500-4BE5-9618-C465A841485C}.Debug|x64.Build.0 = Debug|x64
		{A06B8EB6-F500-4BE5-9618-C465A841485C}.Debug|x86.ActiveCfg = Debug|Win32
		{A06B8EB6-F500-4BE5-9618-C465A841485C}.Debug|x86.Build.0 = Debug|Win32
		{A06B8EB6-F500-4BE5-9618-C465A841485C}.Release|x64.ActiveCfg = Release|x64
		{A06B8EB6-F500-4BE5-9618-C465A841485C}.Release|x64.Build.0 = Release|x64
		{A06B8EB6-F500-4BE5-9618-C465A841485C}.Release|x86.ActiveCfg = Release|Win32
		{A06B8EB6-F500-4BE5-9618-C465A841485C}.Release|x86.Build.0 = Release|Win32
		{86BA37A6-98D9-4DE2-A6FD-244E4215E07E}.Debug|x64.ActiveCfg = Debug|x64
		{86BA37A6-98D9-4DE2-A6FD-244E4215E07E}.Debug|x64.Build.0 = Debug|x64
		{86BA37A6-98D9-4DE2-A6FD-244E4215E07E}.Debug|x86.ActiveCfg = Debug|Win32
		{86BA37A6-98D9-4DE2-A6FD-244E4215E07E}.Debug|x86.Build.0 = Debug|Win32
		{86BA37A6-98D9-4DE2-A6FD-244E4215E07E}.Release|x64.ActiveCfg = Release|x64
		{86BA37A6-98D9-4DE2-A6FD-244E4215E07E}.Release|x64.Build.0 = Release|x64
		{86BA37A6-98D9-4DE2-A6FD-244E4215E07E}.Release|x86.ActiveCfg = Release|Win32
		{86BA37A6-98D9-4DE2-A6FD-244E4215E07E}.Release|x86.Build.0 = Release|Win32
		{DD7CBEA2-6E2A-47A3-939A-D513546AE169}.Debug|x64.ActiveCfg = Debug|x64
		{DD7CBEA2-6E2A-47A3-939A-D513546AE169}.Debug|x64.Build.0 = Debug|x64
		{DD7CBEA2-6E2A-47A3-939A-D513546AE169}.Debug|x86.ActiveCfg = Debug|Win32
		{DD7CBEA2-6E2A-47A3-939A-D513546AE169}.Debug|x86.Build.0 = Debug|Win32
		{DD7CBEA2-6E2A-47A3-939A-D513546AE169}.Release|x64.ActiveCfg = Release|x64
		{DD7CBEA2-6E2A-47A3-939A-D513546AE169}.Release|x64.Build.0 = Release|x64
		{DD7CBEA2-6E2A-47A3-939A-D513546AE169}.Release|x86.ActiveCfg = Release|Win32
		{DD7CBEA2-6E2A-47A3-939A-D513546AE169}.Release|x86.Build.0 = Release|Win32
		{55A84607-8DB5-4327-8939-2A51550B1D5B}.Debug|x64.ActiveCfg = Debug|x64
		{55A84607-8DB5-4327-8939-2A51550B1D5B}.Debug|x64.Build.0 = Debug|x64
		{55A84607-8DB5-4327-8939-2A51550B1D5B}.Debug|x86.ActiveCfg = Debug|Win32
		{55A84607-8DB5-4327-8939-2A51550B1D5B}.Debug|x86.Build.0 = Debug|Win32
		{55A84607-8DB5-4327-8939-2A51550B1D5B}.Release|x64.ActiveCfg = Release|x64
		{55A84607-8DB5-4327-8939-2A51550B1D5B}.Release|x64.Build.0 = Release|x64
		{55A84607-8DB5-4327-8939-2A51550B1D5B}.Release|x86.ActiveCfg = Release|Win32
		{55A84607-8DB5-4327-8939-2A51550B1D5B}.Release|x86.Build.0 = Release|Win32
		{A0FCF21A-1A0A-4A49-9E0B-6931342CEFA7}.Debug|x64.ActiveCfg = Debug|x64
		{A0FCF21A-1A0A-4A49-9E0B-6931342CEFA7}.Debug|x64.Build.0 = Debug|x64
		{A0FCF21A-1A0A-4A49-9E0B-6931342CEFA7}.Debug|x86.ActiveCfg = Debug|Win32
		{A0FCF21A-1A0A-4A49-9E0B-6931342CEFA7}.Debug|x86.Build.0 = Debug|Win32
		{A0FCF21A-1A0A-4A49-9E0B-6931342CEFA7}.Release|x64.ActiveCfg = Release|x64
		{A0FCF21A-1A0A-4A49-9E0B-6931342CEFA7}.Release|x64.Build.0 = Release|x64
		{A0FCF21A-1A0A-4A49-9E0B-6931342CEFA7}.Release|x86.ActiveCfg = Release|Win32
		{A0FCF21A-1A0A-4A49-9E0B-6931342CEFA7}.Release|x86.Build.0 = Release|Win32
		{DC7C7DDC-4F04-45B9-A073-9D921C6408A0}.Debug|x64.ActiveCfg = Debug|x64
		{DC7C7DDC-4F04-45B9-A073-9D921C6408A0}.Debug|x64.Build.0 = Debug|x64
		{DC7C7DDC-4F04-45B9-A073-9D921C6408A0}.Debug|x86.ActiveCfg = Debug|Win32
		{DC7C7DDC-4F04-45B9-A073-9D921C6408A0}.Debug|x86.Build.0 = Debug|Win32
		{DC7C7DDC-4F04-45B9-A073-9D921C6408A0}.Release|x64.ActiveCfg = Release|x64
		{DC7C7DDC-4F04-45B9-A073-9D921C6408A0}.Release|x64.Build.0 = Release|x64
		{DC7C7DDC-4F04-45B9-A073-9D921C6408A0}.Release|x86.ActiveCfg = Release|Win32
		{DC7C7DDC-4F04-45B9-A073-9D921C6408A0}.Release|x86.Build.0 = Release|Win32
		{007CFD5B-E5CB-4D20-BCD4-51C4B5280BC0}.Debug|x64.ActiveCfg = Debug|x64
		{007CFD5B-E5CB-4D20-BCD4-51C4B5280BC0}.Debug|x64.Build.0 = Debug|x64
		{007CFD5B-E5CB-4D20-BCD4-51C4B5280BC0}.Debug|x86.ActiveCfg = Debug|Win32
		{007CFD5B-E5CB-4D20-BCD4-51C4B5280BC0}.Debug|x86.Build.0 = Debug|Win32
		{007CFD5B-E5CB-4D20-BCD4-51C4B5280BC0}.Release|x64.ActiveCfg = Release|x64
		{007CFD5B-E5CB-4D20-BCD4-51C4B5280BC0}.Release|x64.Build.0 = Release|x64
		{007CFD5B-E5CB-4D20-BCD4-51C4B5280BC0}.Release|x86.ActiveCfg = Release|Win32
		{007CFD5B-E5CB-4D20-BCD4-51C4B5280BC0}.Release|x86.Build.0 = Release|Win32
		{2BC61A8A-D0C2-4551-B0F9-93DDB2AD54F1}.Debug|x64.ActiveCfg = Debug|x64
		{2BC61A8A-D0C2-4551-B0F9-93DDB2AD54F1}.Debug|x64.Build.0 = Debug|x64
		{2BC61A8A-D0C2-4551-B0F9-93DDB2AD54F1}.Debug|x86.ActiveCfg = Debug|Win32
		{2BC61A8A-D0C2-4551-B0F9-93DDB2AD54F1}.Debug|x86.Build.0 = Debug|Win32
		{2BC61A8A-D0C2-4551-B0F9-93DDB2AD54F1}.Release|x64.ActiveCfg = Release|x64
		{2BC61A8A-D0C2-4551-B0F9-93DDB2AD54F1}.Release|x64.Build.0 = Release|x64
		{2BC61A8A-D0C2-4551-B0F9-93DDB2AD54F1}.Release|x86.ActiveCfg = Release|Win32
		{2BC61A8A-D0C2-4551-B0F9-93DDB2AD54F1}.Release|x86.Build.0 = Release|Win32
		{661731E5-3A5B-4F63-9889-29FA01DB791A}.Debug|x64.ActiveCfg = Debug|x64
		{661731E5-3A5B-4F63-9889-29FA01DB791A}.Debug|x64.Build.0 = Debug|x64
		{661731E5-3A5B-4F63-9889-29FA01DB791A}.Debug|x86.ActiveCfg = Debug|Win32
		{661731E5-3A5B-4F63-9889-29FA01DB791A}.Debug|x86.Build.0 = Debug|Win32
		{661731E5-3A5B-4F63-9889-29FA01DB791A}.Release|x64.ActiveCfg = Release|x64
		{661731E5-3A5B-4F63-9889-29FA01DB791A}.Release|x64.Build.0 = Release|x64
		{661731E5-3A5B-4F63-9889-29FA01DB791A}.Release|x86.ActiveCfg = Release|Win32
		{661731E5-3A5B-4F63-9889-29FA01DB791A}.Release|x86.Build.0 = Release|Win32
		{38BE8F67-2B80-49A7-ADB4-56169263D1AD}.Debug|x64.ActiveCfg = Debug|x64
		{38BE8F67-2B80-49A7-ADB4-56169263D1AD}.Debug|x64.Build.0 = Debug|x64
		{38BE8F67-2B80-49A7-ADB4-56169263D1AD}.Debug|x86.ActiveCfg = Debug|Win32
		{38BE8F67-2B80-49A7-ADB4-56169263D1AD}.Debug|x86.Build.0 = Debug|Win32
		{38BE8F67-2B80-49A7-ADB4-56169263D1AD}.Release|x64.ActiveCfg = Release|x64
		{38BE8F67-2B80-49A7-ADB4-56169263D1AD}.Release|x64.Build.0 = Release|x64
		{38BE8F67-2B80-49A7-ADB4-56169263D1AD}.Release|x86.ActiveCfg = Release|Win32
		{38BE8F67-2B80-49A7-ADB4-56169263D1AD}.Release|x86.Build.0 = Release|Win32
		{6F516499-F225-4190-AE5E-AA6595A9326E}.Debug|x64.ActiveCfg = Debug|x64
		{6F516499-F225-4190-AE5E-AA6595A9326E}.Debug|x64.Build.0 = Debug|x64
		{6F516499-F225-4190-AE5E-AA6595A9326E}.Debug|x86.ActiveCfg = Debug|Win32
		{6F516499-F225-4190-AE5E-AA6595A9326E}.Debug|x86.Build.0 = Debug|Win32
		{6F516499-F225-4190-AE5E-AA6595A9326E}.Release|x64.ActiveCfg = Release|x64
		{6F516499-F225-4190-AE5E-AA6595A9326E}.Release|x64.Build.0 = Release|x64
		{6F516499-F225-4190-AE5E-AA6595A9326E}.Release|x86.ActiveCfg = Release|Win32
		{6F516499-F225-4190-AE5E-AA6595A9326E}.Release|x86.Build.0 = Release|Win32
		{E5F20962-631B-460E-B7AA-BDA0259488DE}.Debug|x64.ActiveCfg = Debug|x64
		{E5F20962-631B-460E-B7AA-BDA0259488DE}.Debug|x64.Build.0 = Debug|x64
		{E5F20962-631B-460E-B7AA-BDA0259488DE}.Debug|x86.ActiveCfg = Debug|Win32
		{E5F20962-631B-460E-B7AA-BDA0259488DE}.Debug|x86.Build.0 = Debug|Win32
		{E5F20962-631B-460E-B7AA-BDA0259488DE}.Release|x64.ActiveCfg = Release|x64
		{E5F20962-631B-460E-B7AA-BDA0259488DE}.Release|x64.Build.0 = Release|x64
		{E5F20962-631B-460E-B7AA-BDA0259488DE}.Release|x86.ActiveCfg = Release|Win32
		{E5F20962-631B-460E-B7AA-BDA0259488DE}.Release|x86.Build.0 = Release|Win32
	EndGlobalSection
	GlobalSection(SolutionProperties) = preSolution
		HideSolutionNode = FALSE
	EndGlobalSection
EndGlobal
